
Microsoft Visual Studio Solution File, Format Version 12.00
# Visual Studio Version 16
VisualStudioVersion = 16.0.29509.3
MinimumVisualStudioVersion = 10.0.40219.1
Project("{2150E333-8FDC-42A3-9474-1A3956D46DE8}") = "Bin", "Bin", "{CC73C019-791D-49A0-BE2D-9FE7E00FBAA0}"
	ProjectSection(SolutionItems) = preProject
		Bin\Credits.txt = Bin\Credits.txt
		Bin\DefaultSettings.json = Bin\DefaultSettings.json
		Bin\README.txt = Bin\README.txt
	EndProjectSection
EndProject
Project("{FAE04EC0-301F-11D3-BF4B-00C04F79EFBC}") = "Sandra.UI", "Sandra.UI\Sandra.UI.csproj", "{7D79CFA6-1DA7-4496-B62C-B5C2F97C2E3F}"
EndProject
Project("{FAE04EC0-301F-11D3-BF4B-00C04F79EFBC}") = "Eutherion.Tests", "Eutherion\Tests\Eutherion.Tests.csproj", "{7C04E52A-0026-4FCA-9D20-B09FC4D77892}"
EndProject
Project("{FAE04EC0-301F-11D3-BF4B-00C04F79EFBC}") = "Eutherion.Win", "Eutherion\Win\Eutherion.Win.csproj", "{078CB2B5-BF6C-497A-8A0E-2633367E4759}"
EndProject
Project("{FAE04EC0-301F-11D3-BF4B-00C04F79EFBC}") = "Sandra.Chess", "Sandra.Chess\Sandra.Chess.csproj", "{F5E121C5-A874-4FEF-9FF5-56285420CFF6}"
EndProject
Project("{FAE04EC0-301F-11D3-BF4B-00C04F79EFBC}") = "Sandra.Chess.Tests", "Sandra.Chess.Tests\Sandra.Chess.Tests.csproj", "{9DDB6AD7-4822-4732-9E18-309405917032}"
EndProject
Project("{FAE04EC0-301F-11D3-BF4B-00C04F79EFBC}") = "Benchmarks", "Benchmarks\Benchmarks.csproj", "{6DFCCA87-B240-47D0-AFC7-6A64C9275528}"
EndProject
Project("{FAE04EC0-301F-11D3-BF4B-00C04F79EFBC}") = "Eutherion.Win.MdiAppTemplate", "Eutherion\Win.MdiAppTemplate\Eutherion.Win.MdiAppTemplate.csproj", "{72A45CF1-2C79-4F11-9F22-ED5508C5E97A}"
EndProject
Global
	GlobalSection(SolutionConfigurationPlatforms) = preSolution
		Debug|Any CPU = Debug|Any CPU
		Release|Any CPU = Release|Any CPU
	EndGlobalSection
	GlobalSection(ProjectConfigurationPlatforms) = postSolution
		{7D79CFA6-1DA7-4496-B62C-B5C2F97C2E3F}.Debug|Any CPU.ActiveCfg = Debug|Any CPU
		{7D79CFA6-1DA7-4496-B62C-B5C2F97C2E3F}.Debug|Any CPU.Build.0 = Debug|Any CPU
		{7D79CFA6-1DA7-4496-B62C-B5C2F97C2E3F}.Release|Any CPU.ActiveCfg = Release|Any CPU
		{7D79CFA6-1DA7-4496-B62C-B5C2F97C2E3F}.Release|Any CPU.Build.0 = Release|Any CPU
		{7C04E52A-0026-4FCA-9D20-B09FC4D77892}.Debug|Any CPU.ActiveCfg = Debug|Any CPU
		{7C04E52A-0026-4FCA-9D20-B09FC4D77892}.Debug|Any CPU.Build.0 = Debug|Any CPU
		{7C04E52A-0026-4FCA-9D20-B09FC4D77892}.Release|Any CPU.ActiveCfg = Release|Any CPU
		{7C04E52A-0026-4FCA-9D20-B09FC4D77892}.Release|Any CPU.Build.0 = Release|Any CPU
		{078CB2B5-BF6C-497A-8A0E-2633367E4759}.Debug|Any CPU.ActiveCfg = Debug|Any CPU
		{078CB2B5-BF6C-497A-8A0E-2633367E4759}.Debug|Any CPU.Build.0 = Debug|Any CPU
		{078CB2B5-BF6C-497A-8A0E-2633367E4759}.Release|Any CPU.ActiveCfg = Release|Any CPU
		{078CB2B5-BF6C-497A-8A0E-2633367E4759}.Release|Any CPU.Build.0 = Release|Any CPU
		{F5E121C5-A874-4FEF-9FF5-56285420CFF6}.Debug|Any CPU.ActiveCfg = Debug|Any CPU
		{F5E121C5-A874-4FEF-9FF5-56285420CFF6}.Debug|Any CPU.Build.0 = Debug|Any CPU
		{F5E121C5-A874-4FEF-9FF5-56285420CFF6}.Release|Any CPU.ActiveCfg = Release|Any CPU
		{F5E121C5-A874-4FEF-9FF5-56285420CFF6}.Release|Any CPU.Build.0 = Release|Any CPU
		{9DDB6AD7-4822-4732-9E18-309405917032}.Debug|Any CPU.ActiveCfg = Debug|Any CPU
		{9DDB6AD7-4822-4732-9E18-309405917032}.Debug|Any CPU.Build.0 = Debug|Any CPU
		{9DDB6AD7-4822-4732-9E18-309405917032}.Release|Any CPU.ActiveCfg = Release|Any CPU
		{9DDB6AD7-4822-4732-9E18-309405917032}.Release|Any CPU.Build.0 = Release|Any CPU
		{6DFCCA87-B240-47D0-AFC7-6A64C9275528}.Debug|Any CPU.ActiveCfg = Debug|Any CPU
		{6DFCCA87-B240-47D0-AFC7-6A64C9275528}.Debug|Any CPU.Build.0 = Debug|Any CPU
		{6DFCCA87-B240-47D0-AFC7-6A64C9275528}.Release|Any CPU.ActiveCfg = Release|Any CPU
		{6DFCCA87-B240-47D0-AFC7-6A64C9275528}.Release|Any CPU.Build.0 = Release|Any CPU
		{72A45CF1-2C79-4F11-9F22-ED5508C5E97A}.Debug|Any CPU.ActiveCfg = Debug|Any CPU
		{72A45CF1-2C79-4F11-9F22-ED5508C5E97A}.Debug|Any CPU.Build.0 = Debug|Any CPU
		{72A45CF1-2C79-4F11-9F22-ED5508C5E97A}.Release|Any CPU.ActiveCfg = Release|Any CPU
		{72A45CF1-2C79-4F11-9F22-ED5508C5E97A}.Release|Any CPU.Build.0 = Release|Any CPU
	EndGlobalSection
	GlobalSection(SolutionProperties) = preSolution
		HideSolutionNode = FALSE
	EndGlobalSection
	GlobalSection(ExtensibilityGlobals) = postSolution
		SolutionGuid = {A1EEFDD4-BF03-460B-965E-F7156FDB1094}
	EndGlobalSection
EndGlobal
